
Microsoft Visual Studio Solution File, Format Version 12.00
# Visual Studio Version 17
VisualStudioVersion = 17.4.33122.133
MinimumVisualStudioVersion = 10.0.40219.1
Project("{8BC9CEB8-8B4A-11D0-8D11-00A0C91BC942}") = "OurCrypter", "OurCrypter.vcxproj", "{59D83B7F-78B0-4970-86FA-A1F04B67A294}"
EndProject
Project("{FAE04EC0-301F-11D3-BF4B-00C04F79EFBC}") = "OurCryptercSharp", "..\OurCryptercSharp\OurCryptercSharp.csproj", "{F2708AE9-AE7A-4877-B7F1-6C8E011E4615}"
EndProject
Global
	GlobalSection(SolutionConfigurationPlatforms) = preSolution
		Debug|Any CPU = Debug|Any CPU
		Debug|x64 = Debug|x64
		Debug|x86 = Debug|x86
		Release|Any CPU = Release|Any CPU
		Release|x64 = Release|x64
		Release|x86 = Release|x86
	EndGlobalSection
	GlobalSection(ProjectConfigurationPlatforms) = postSolution
		{59D83B7F-78B0-4970-86FA-A1F04B67A294}.Debug|Any CPU.ActiveCfg = Debug|x64
		{59D83B7F-78B0-4970-86FA-A1F04B67A294}.Debug|Any CPU.Build.0 = Debug|x64
		{59D83B7F-78B0-4970-86FA-A1F04B67A294}.Debug|x64.ActiveCfg = Debug|x64
		{59D83B7F-78B0-4970-86FA-A1F04B67A294}.Debug|x64.Build.0 = Debug|x64
		{59D83B7F-78B0-4970-86FA-A1F04B67A294}.Debug|x86.ActiveCfg = Debug|Win32
		{59D83B7F-78B0-4970-86FA-A1F04B67A294}.Debug|x86.Build.0 = Debug|Win32
		{59D83B7F-78B0-4970-86FA-A1F04B67A294}.Release|Any CPU.ActiveCfg = Release|x64
		{59D83B7F-78B0-4970-86FA-A1F04B67A294}.Release|Any CPU.Build.0 = Release|x64
		{59D83B7F-78B0-4970-86FA-A1F04B67A294}.Release|x64.ActiveCfg = Release|x64
		{59D83B7F-78B0-4970-86FA-A1F04B67A294}.Release|x64.Build.0 = Release|x64
		{59D83B7F-78B0-4970-86FA-A1F04B67A294}.Release|x86.ActiveCfg = Release|Win32
		{59D83B7F-78B0-4970-86FA-A1F04B67A294}.Release|x86.Build.0 = Release|Win32
		{F2708AE9-AE7A-4877-B7F1-6C8E011E4615}.Debug|Any CPU.ActiveCfg = Debug|Any CPU
		{F2708AE9-AE7A-4877-B7F1-6C8E011E4615}.Debug|Any CPU.Build.0 = Debug|Any CPU
		{F2708AE9-AE7A-4877-B7F1-6C8E011E4615}.Debug|x64.ActiveCfg = Debug|Any CPU
		{F2708AE9-AE7A-4877-B7F1-6C8E011E4615}.Debug|x64.Build.0 = Debug|Any CPU
		{F2708AE9-AE7A-4877-B7F1-6C8E011E4615}.Debug|x86.ActiveCfg = Debug|Any CPU
		{F2708AE9-AE7A-4877-B7F1-6C8E011E4615}.Debug|x86.Build.0 = Debug|Any CPU
		{F2708AE9-AE7A-4877-B7F1-6C8E011E4615}.Release|Any CPU.ActiveCfg = Release|Any CPU
		{F2708AE9-AE7A-4877-B7F1-6C8E011E4615}.Release|Any CPU.Build.0 = Release|Any CPU
		{F2708AE9-AE7A-4877-B7F1-6C8E011E4615}.Release|x64.ActiveCfg = Release|Any CPU
		{F2708AE9-AE7A-4877-B7F1-6C8E011E4615}.Release|x64.Build.0 = Release|Any CPU
		{F2708AE9-AE7A-4877-B7F1-6C8E011E4615}.Release|x86.ActiveCfg = Release|Any CPU
		{F2708AE9-AE7A-4877-B7F1-6C8E011E4615}.Release|x86.Build.0 = Release|Any CPU
	EndGlobalSection
	GlobalSection(SolutionProperties) = preSolution
		HideSolutionNode = FALSE
	EndGlobalSection
	GlobalSection(ExtensibilityGlobals) = postSolution
		SolutionGuid = {B760CB1C-1BC6-4956-8142-D9F26A507CB1}
	EndGlobalSection
EndGlobal
