
Microsoft Visual Studio Solution File, Format Version 12.00
# Visual Studio Version 17
VisualStudioVersion = 17.4.33110.190
MinimumVisualStudioVersion = 10.0.40219.1
Project("{FAE04EC0-301F-11D3-BF4B-00C04F79EFBC}") = "RogsoftwareServer", "RogsoftwareServer.csproj", "{39857BB8-E6C4-442D-ABE2-470E9BC46461}"
EndProject
Global
	GlobalSection(SolutionConfigurationPlatforms) = preSolution
		Debug|Any CPU = Debug|Any CPU
		Release|Any CPU = Release|Any CPU
		test_mode|Any CPU = test_mode|Any CPU
	EndGlobalSection
	GlobalSection(ProjectConfigurationPlatforms) = postSolution
		{39857BB8-E6C4-442D-ABE2-470E9BC46461}.Debug|Any CPU.ActiveCfg = Debug|Any CPU
		{39857BB8-E6C4-442D-ABE2-470E9BC46461}.Debug|Any CPU.Build.0 = Debug|Any CPU
		{39857BB8-E6C4-442D-ABE2-470E9BC46461}.Release|Any CPU.ActiveCfg = Release|Any CPU
		{39857BB8-E6C4-442D-ABE2-470E9BC46461}.Release|Any CPU.Build.0 = Release|Any CPU
		{39857BB8-E6C4-442D-ABE2-470E9BC46461}.test_mode|Any CPU.ActiveCfg = test_mode|Any CPU
		{39857BB8-E6C4-442D-ABE2-470E9BC46461}.test_mode|Any CPU.Build.0 = test_mode|Any CPU
	EndGlobalSection
	GlobalSection(SolutionProperties) = preSolution
		HideSolutionNode = FALSE
	EndGlobalSection
	GlobalSection(ExtensibilityGlobals) = postSolution
		SolutionGuid = {F504597B-64AE-4F5D-AB78-04A7FA24E4C5}
	EndGlobalSection
EndGlobal
